// !$*UTF8*$!
{
	archiveVersion = 1;
	classes = {
	};
	objectVersion = 46;
	objects = {

/* Begin PBXBuildFile section */
		61A45EE41AA86067006BDF8E /* Kernel.metal in Sources */ = {isa = PBXBuildFile; fileRef = 61A45EE31AA86067006BDF8E /* Kernel.metal */; };
		61A45EE61AA8B45A006BDF8E /* CollectionCell.swift in Sources */ = {isa = PBXBuildFile; fileRef = 61A45EE51AA8B45A006BDF8E /* CollectionCell.swift */; };
		61BBCFE61AA755BA001D2624 /* AppDelegate.swift in Sources */ = {isa = PBXBuildFile; fileRef = 61BBCFE51AA755BA001D2624 /* AppDelegate.swift */; };
		61BBCFE81AA755BA001D2624 /* ViewController.swift in Sources */ = {isa = PBXBuildFile; fileRef = 61BBCFE71AA755BA001D2624 /* ViewController.swift */; };
		61BBCFEB1AA755BA001D2624 /* Main.storyboard in Resources */ = {isa = PBXBuildFile; fileRef = 61BBCFE91AA755BA001D2624 /* Main.storyboard */; };
		61BBCFED1AA755BA001D2624 /* Images.xcassets in Resources */ = {isa = PBXBuildFile; fileRef = 61BBCFEC1AA755BA001D2624 /* Images.xcassets */; };
		61BBCFF01AA755BA001D2624 /* LaunchScreen.xib in Resources */ = {isa = PBXBuildFile; fileRef = 61BBCFEE1AA755BA001D2624 /* LaunchScreen.xib */; };
		61BBCFFC1AA755BA001D2624 /* SudokuTests.swift in Sources */ = {isa = PBXBuildFile; fileRef = 61BBCFFB1AA755BA001D2624 /* SudokuTests.swift */; };
/* End PBXBuildFile section */

/* Begin PBXContainerItemProxy section */
		61BBCFF61AA755BA001D2624 /* PBXContainerItemProxy */ = {
			isa = PBXContainerItemProxy;
			containerPortal = 61BBCFD81AA755BA001D2624 /* Project object */;
			proxyType = 1;
			remoteGlobalIDString = 61BBCFDF1AA755BA001D2624;
			remoteInfo = Sudoku;
		};
/* End PBXContainerItemProxy section */

/* Begin PBXFileReference section */
		61A45EE31AA86067006BDF8E /* Kernel.metal */ = {isa = PBXFileReference; fileEncoding = 4; lastKnownFileType = sourcecode.metal; path = Kernel.metal; sourceTree = "<group>"; };
		61A45EE51AA8B45A006BDF8E /* CollectionCell.swift */ = {isa = PBXFileReference; fileEncoding = 4; lastKnownFileType = sourcecode.swift; path = CollectionCell.swift; sourceTree = "<group>"; };
		61BBCFE01AA755BA001D2624 /* Sudoku.app */ = {isa = PBXFileReference; explicitFileType = wrapper.application; includeInIndex = 0; path = Sudoku.app; sourceTree = BUILT_PRODUCTS_DIR; };
		61BBCFE41AA755BA001D2624 /* Info.plist */ = {isa = PBXFileReference; lastKnownFileType = text.plist.xml; path = Info.plist; sourceTree = "<group>"; };
		61BBCFE51AA755BA001D2624 /* AppDelegate.swift */ = {isa = PBXFileReference; lastKnownFileType = sourcecode.swift; path = AppDelegate.swift; sourceTree = "<group>"; };
		61BBCFE71AA755BA001D2624 /* ViewController.swift */ = {isa = PBXFileReference; lastKnownFileType = sourcecode.swift; path = ViewController.swift; sourceTree = "<group>"; };
		61BBCFEA1AA755BA001D2624 /* Base */ = {isa = PBXFileReference; lastKnownFileType = file.storyboard; name = Base; path = Base.lproj/Main.storyboard; sourceTree = "<group>"; };
		61BBCFEC1AA755BA001D2624 /* Images.xcassets */ = {isa = PBXFileReference; lastKnownFileType = folder.assetcatalog; path = Images.xcassets; sourceTree = "<group>"; };
		61BBCFEF1AA755BA001D2624 /* Base */ = {isa = PBXFileReference; lastKnownFileType = file.xib; name = Base; path = Base.lproj/LaunchScreen.xib; sourceTree = "<group>"; };
		61BBCFF51AA755BA001D2624 /* SudokuTests.xctest */ = {isa = PBXFileReference; explicitFileType = wrapper.cfbundle; includeInIndex = 0; path = SudokuTests.xctest; sourceTree = BUILT_PRODUCTS_DIR; };
		61BBCFFA1AA755BA001D2624 /* Info.plist */ = {isa = PBXFileReference; lastKnownFileType = text.plist.xml; path = Info.plist; sourceTree = "<group>"; };
		61BBCFFB1AA755BA001D2624 /* SudokuTests.swift */ = {isa = PBXFileReference; lastKnownFileType = sourcecode.swift; path = SudokuTests.swift; sourceTree = "<group>"; };
/* End PBXFileReference section */

/* Begin PBXFrameworksBuildPhase section */
		61BBCFDD1AA755BA001D2624 /* Frameworks */ = {
			isa = PBXFrameworksBuildPhase;
			buildActionMask = 2147483647;
			files = (
			);
			runOnlyForDeploymentPostprocessing = 0;
		};
		61BBCFF21AA755BA001D2624 /* Frameworks */ = {
			isa = PBXFrameworksBuildPhase;
			buildActionMask = 2147483647;
			files = (
			);
			runOnlyForDeploymentPostprocessing = 0;
		};
/* End PBXFrameworksBuildPhase section */

/* Begin PBXGroup section */
		61BBCFD71AA755BA001D2624 = {
			isa = PBXGroup;
			children = (
				61BBCFE21AA755BA001D2624 /* Sudoku */,
				61BBCFF81AA755BA001D2624 /* SudokuTests */,
				61BBCFE11AA755BA001D2624 /* Products */,
			);
			sourceTree = "<group>";
		};
		61BBCFE11AA755BA001D2624 /* Products */ = {
			isa = PBXGroup;
			children = (
				61BBCFE01AA755BA001D2624 /* Sudoku.app */,
				61BBCFF51AA755BA001D2624 /* SudokuTests.xctest */,
			);
			name = Products;
			sourceTree = "<group>";
		};
		61BBCFE21AA755BA001D2624 /* Sudoku */ = {
			isa = PBXGroup;
			children = (
				61A45EE51AA8B45A006BDF8E /* CollectionCell.swift */,
				61BBCFE51AA755BA001D2624 /* AppDelegate.swift */,
				61BBCFE71AA755BA001D2624 /* ViewController.swift */,
				61BBCFE91AA755BA001D2624 /* Main.storyboard */,
				61BBCFEC1AA755BA001D2624 /* Images.xcassets */,
				61BBCFEE1AA755BA001D2624 /* LaunchScreen.xib */,
				61BBCFE31AA755BA001D2624 /* Supporting Files */,
				61A45EE31AA86067006BDF8E /* Kernel.metal */,
			);
			path = Sudoku;
			sourceTree = "<group>";
		};
		61BBCFE31AA755BA001D2624 /* Supporting Files */ = {
			isa = PBXGroup;
			children = (
				61BBCFE41AA755BA001D2624 /* Info.plist */,
			);
			name = "Supporting Files";
			sourceTree = "<group>";
		};
		61BBCFF81AA755BA001D2624 /* SudokuTests */ = {
			isa = PBXGroup;
			children = (
				61BBCFFB1AA755BA001D2624 /* SudokuTests.swift */,
				61BBCFF91AA755BA001D2624 /* Supporting Files */,
			);
			path = SudokuTests;
			sourceTree = "<group>";
		};
		61BBCFF91AA755BA001D2624 /* Supporting Files */ = {
			isa = PBXGroup;
			children = (
				61BBCFFA1AA755BA001D2624 /* Info.plist */,
			);
			name = "Supporting Files";
			sourceTree = "<group>";
		};
/* End PBXGroup section */

/* Begin PBXNativeTarget section */
		61BBCFDF1AA755BA001D2624 /* Sudoku */ = {
			isa = PBXNativeTarget;
			buildConfigurationList = 61BBCFFF1AA755BA001D2624 /* Build configuration list for PBXNativeTarget "Sudoku" */;
			buildPhases = (
				61BBCFDC1AA755BA001D2624 /* Sources */,
				61BBCFDD1AA755BA001D2624 /* Frameworks */,
				61BBCFDE1AA755BA001D2624 /* Resources */,
			);
			buildRules = (
			);
			dependencies = (
			);
			name = Sudoku;
			productName = Sudoku;
			productReference = 61BBCFE01AA755BA001D2624 /* Sudoku.app */;
			productType = "com.apple.product-type.application";
		};
		61BBCFF41AA755BA001D2624 /* SudokuTests */ = {
			isa = PBXNativeTarget;
			buildConfigurationList = 61BBD0021AA755BA001D2624 /* Build configuration list for PBXNativeTarget "SudokuTests" */;
			buildPhases = (
				61BBCFF11AA755BA001D2624 /* Sources */,
				61BBCFF21AA755BA001D2624 /* Frameworks */,
				61BBCFF31AA755BA001D2624 /* Resources */,
			);
			buildRules = (
			);
			dependencies = (
				61BBCFF71AA755BA001D2624 /* PBXTargetDependency */,
			);
			name = SudokuTests;
			productName = SudokuTests;
			productReference = 61BBCFF51AA755BA001D2624 /* SudokuTests.xctest */;
			productType = "com.apple.product-type.bundle.unit-test";
		};
/* End PBXNativeTarget section */

/* Begin PBXProject section */
		61BBCFD81AA755BA001D2624 /* Project object */ = {
			isa = PBXProject;
			attributes = {
				LastUpgradeCheck = 0610;
				ORGANIZATIONNAME = "Mateusz Buda";
				TargetAttributes = {
					61BBCFDF1AA755BA001D2624 = {
						CreatedOnToolsVersion = 6.1.1;
					};
					61BBCFF41AA755BA001D2624 = {
						CreatedOnToolsVersion = 6.1.1;
						TestTargetID = 61BBCFDF1AA755BA001D2624;
					};
				};
			};
			buildConfigurationList = 61BBCFDB1AA755BA001D2624 /* Build configuration list for PBXProject "Sudoku" */;
			compatibilityVersion = "Xcode 3.2";
			developmentRegion = English;
			hasScannedForEncodings = 0;
			knownRegions = (
				en,
				Base,
			);
			mainGroup = 61BBCFD71AA755BA001D2624;
			productRefGroup = 61BBCFE11AA755BA001D2624 /* Products */;
			projectDirPath = "";
			projectRoot = "";
			targets = (
				61BBCFDF1AA755BA001D2624 /* Sudoku */,
				61BBCFF41AA755BA001D2624 /* SudokuTests */,
			);
		};
/* End PBXProject section */

/* Begin PBXResourcesBuildPhase section */
		61BBCFDE1AA755BA001D2624 /* Resources */ = {
			isa = PBXResourcesBuildPhase;
			buildActionMask = 2147483647;
			files = (
				61BBCFEB1AA755BA001D2624 /* Main.storyboard in Resources */,
				61BBCFF01AA755BA001D2624 /* LaunchScreen.xib in Resources */,
				61BBCFED1AA755BA001D2624 /* Images.xcassets in Resources */,
			);
			runOnlyForDeploymentPostprocessing = 0;
		};
		61BBCFF31AA755BA001D2624 /* Resources */ = {
			isa = PBXResourcesBuildPhase;
			buildActionMask = 2147483647;
			files = (
			);
			runOnlyForDeploymentPostprocessing = 0;
		};
/* End PBXResourcesBuildPhase section */

/* Begin PBXSourcesBuildPhase section */
		61BBCFDC1AA755BA001D2624 /* Sources */ = {
			isa = PBXSourcesBuildPhase;
			buildActionMask = 2147483647;
			files = (
				61BBCFE81AA755BA001D2624 /* ViewController.swift in Sources */,
				61BBCFE61AA755BA001D2624 /* AppDelegate.swift in Sources */,
				61A45EE41AA86067006BDF8E /* Kernel.metal in Sources */,
				61A45EE61AA8B45A006BDF8E /* CollectionCell.swift in Sources */,
			);
			runOnlyForDeploymentPostprocessing = 0;
		};
		61BBCFF11AA755BA001D2624 /* Sources */ = {
			isa = PBXSourcesBuildPhase;
			buildActionMask = 2147483647;
			files = (
				61BBCFFC1AA755BA001D2624 /* SudokuTests.swift in Sources */,
			);
			runOnlyForDeploymentPostprocessing = 0;
		};
/* End PBXSourcesBuildPhase section */

/* Begin PBXTargetDependency section */
		61BBCFF71AA755BA001D2624 /* PBXTargetDependency */ = {
			isa = PBXTargetDependency;
			target = 61BBCFDF1AA755BA001D2624 /* Sudoku */;
			targetProxy = 61BBCFF61AA755BA001D2624 /* PBXContainerItemProxy */;
		};
/* End PBXTargetDependency section */

/* Begin PBXVariantGroup section */
		61BBCFE91AA755BA001D2624 /* Main.storyboard */ = {
			isa = PBXVariantGroup;
			children = (
				61BBCFEA1AA755BA001D2624 /* Base */,
			);
			name = Main.storyboard;
			sourceTree = "<group>";
		};
		61BBCFEE1AA755BA001D2624 /* LaunchScreen.xib */ = {
			isa = PBXVariantGroup;
			children = (
				61BBCFEF1AA755BA001D2624 /* Base */,
			);
			name = LaunchScreen.xib;
			sourceTree = "<group>";
		};
/* End PBXVariantGroup section */

/* Begin XCBuildConfiguration section */
		61BBCFFD1AA755BA001D2624 /* Debug */ = {
			isa = XCBuildConfiguration;
			buildSettings = {
				ALWAYS_SEARCH_USER_PATHS = NO;
				CLANG_CXX_LANGUAGE_STANDARD = "gnu++0x";
				CLANG_CXX_LIBRARY = "libc++";
				CLANG_ENABLE_MODULES = YES;
				CLANG_ENABLE_OBJC_ARC = YES;
				CLANG_WARN_BOOL_CONVERSION = YES;
				CLANG_WARN_CONSTANT_CONVERSION = YES;
				CLANG_WARN_DIRECT_OBJC_ISA_USAGE = YES_ERROR;
				CLANG_WARN_EMPTY_BODY = YES;
				CLANG_WARN_ENUM_CONVERSION = YES;
				CLANG_WARN_INT_CONVERSION = YES;
				CLANG_WARN_OBJC_ROOT_CLASS = YES_ERROR;
				CLANG_WARN_UNREACHABLE_CODE = YES;
				CLANG_WARN__DUPLICATE_METHOD_MATCH = YES;
				"CODE_SIGN_IDENTITY[sdk=iphoneos*]" = "iPhone Developer";
				COPY_PHASE_STRIP = NO;
				ENABLE_STRICT_OBJC_MSGSEND = YES;
				GCC_C_LANGUAGE_STANDARD = gnu99;
				GCC_DYNAMIC_NO_PIC = NO;
				GCC_OPTIMIZATION_LEVEL = 0;
				GCC_PREPROCESSOR_DEFINITIONS = (
					"DEBUG=1",
					"$(inherited)",
				);
				GCC_SYMBOLS_PRIVATE_EXTERN = NO;
				GCC_WARN_64_TO_32_BIT_CONVERSION = YES;
				GCC_WARN_ABOUT_RETURN_TYPE = YES_ERROR;
				GCC_WARN_UNDECLARED_SELECTOR = YES;
				GCC_WARN_UNINITIALIZED_AUTOS = YES_AGGRESSIVE;
				GCC_WARN_UNUSED_FUNCTION = YES;
				GCC_WARN_UNUSED_VARIABLE = YES;
				IPHONEOS_DEPLOYMENT_TARGET = 8.1;
				MTL_ENABLE_DEBUG_INFO = YES;
				ONLY_ACTIVE_ARCH = YES;
				SDKROOT = iphoneos;
				SWIFT_OPTIMIZATION_LEVEL = "-Onone";
				TARGETED_DEVICE_FAMILY = "1,2";
			};
			name = Debug;
		};
		61BBCFFE1AA755BA001D2624 /* Release */ = {
			isa = XCBuildConfiguration;
			buildSettings = {
				ALWAYS_SEARCH_USER_PATHS = NO;
				CLANG_CXX_LANGUAGE_STANDARD = "gnu++0x";
				CLANG_CXX_LIBRARY = "libc++";
				CLANG_ENABLE_MODULES = YES;
				CLANG_ENABLE_OBJC_ARC = YES;
				CLANG_WARN_BOOL_CONVERSION = YES;
				CLANG_WARN_CONSTANT_CONVERSION = YES;
				CLANG_WARN_DIRECT_OBJC_ISA_USAGE = YES_ERROR;
				CLANG_WARN_EMPTY_BODY = YES;
				CLANG_WARN_ENUM_CONVERSION = YES;
				CLANG_WARN_INT_CONVERSION = YES;
				CLANG_WARN_OBJC_ROOT_CLASS = YES_ERROR;
				CLANG_WARN_UNREACHABLE_CODE = YES;
				CLANG_WARN__DUPLICATE_METHOD_MATCH = YES;
				"CODE_SIGN_IDENTITY[sdk=iphoneos*]" = "iPhone Developer";
				COPY_PHASE_STRIP = YES;
				ENABLE_NS_ASSERTIONS = NO;
				ENABLE_STRICT_OBJC_MSGSEND = YES;
				GCC_C_LANGUAGE_STANDARD = gnu99;
				GCC_WARN_64_TO_32_BIT_CONVERSION = YES;
				GCC_WARN_ABOUT_RETURN_TYPE = YES_ERROR;
				GCC_WARN_UNDECLARED_SELECTOR = YES;
				GCC_WARN_UNINITIALIZED_AUTOS = YES_AGGRESSIVE;
				GCC_WARN_UNUSED_FUNCTION = YES;
				GCC_WARN_UNUSED_VARIABLE = YES;
				IPHONEOS_DEPLOYMENT_TARGET = 8.1;
				MTL_ENABLE_DEBUG_INFO = NO;
				SDKROOT = iphoneos;
				TARGETED_DEVICE_FAMILY = "1,2";
				VALIDATE_PRODUCT = YES;
			};
			name = Release;
		};
		61BBD0001AA755BA001D2624 /* Debug */ = {
			isa = XCBuildConfiguration;
			buildSettings = {
				ASSETCATALOG_COMPILER_APPICON_NAME = AppIcon;
				INFOPLIST_FILE = Sudoku/Info.plist;
				LD_RUNPATH_SEARCH_PATHS = "$(inherited) @executable_path/Frameworks";
				PRODUCT_NAME = "$(TARGET_NAME)";
			};
			name = Debug;
		};
		61BBD0011AA755BA001D2624 /* Release */ = {
			isa = XCBuildConfiguration;
			buildSettings = {
				ASSETCATALOG_COMPILER_APPICON_NAME = AppIcon;
				INFOPLIST_FILE = Sudoku/Info.plist;
				LD_RUNPATH_SEARCH_PATHS = "$(inherited) @executable_path/Frameworks";
				PRODUCT_NAME = "$(TARGET_NAME)";
			};
			name = Release;
		};
		61BBD0031AA755BA001D2624 /* Debug */ = {
			isa = XCBuildConfiguration;
			buildSettings = {
				BUNDLE_LOADER = "$(TEST_HOST)";
				FRAMEWORK_SEARCH_PATHS = (
					"$(SDKROOT)/Developer/Library/Frameworks",
					"$(inherited)",
				);
				GCC_PREPROCESSOR_DEFINITIONS = (
					"DEBUG=1",
					"$(inherited)",
				);
				INFOPLIST_FILE = SudokuTests/Info.plist;
				LD_RUNPATH_SEARCH_PATHS = "$(inherited) @executable_path/Frameworks @loader_path/Frameworks";
				PRODUCT_NAME = "$(TARGET_NAME)";
				TEST_HOST = "$(BUILT_PRODUCTS_DIR)/Sudoku.app/Sudoku";
			};
			name = Debug;
		};
		61BBD0041AA755BA001D2624 /* Release */ = {
			isa = XCBuildConfiguration;
			buildSettings = {
				BUNDLE_LOADER = "$(TEST_HOST)";
				FRAMEWORK_SEARCH_PATHS = (
					"$(SDKROOT)/Developer/Library/Frameworks",
					"$(inherited)",
				);
				INFOPLIST_FILE = SudokuTests/Info.plist;
				LD_RUNPATH_SEARCH_PATHS = "$(inherited) @executable_path/Frameworks @loader_path/Frameworks";
				PRODUCT_NAME = "$(TARGET_NAME)";
				TEST_HOST = "$(BUILT_PRODUCTS_DIR)/Sudoku.app/Sudoku";
			};
			name = Release;
		};
/* End XCBuildConfiguration section */

/* Begin XCConfigurationList section */
		61BBCFDB1AA755BA001D2624 /* Build configuration list for PBXProject "Sudoku" */ = {
			isa = XCConfigurationList;
			buildConfigurations = (
				61BBCFFD1AA755BA001D2624 /* Debug */,
				61BBCFFE1AA755BA001D2624 /* Release */,
			);
			defaultConfigurationIsVisible = 0;
			defaultConfigurationName = Release;
		};
		61BBCFFF1AA755BA001D2624 /* Build configuration list for PBXNativeTarget "Sudoku" */ = {
			isa = XCConfigurationList;
			buildConfigurations = (
				61BBD0001AA755BA001D2624 /* Debug */,
				61BBD0011AA755BA001D2624 /* Release */,
			);
			defaultConfigurationIsVisible = 0;
			defaultConfigurationName = Release;
		};
		61BBD0021AA755BA001D2624 /* Build configuration list for PBXNativeTarget "SudokuTests" */ = {
			isa = XCConfigurationList;
			buildConfigurations = (
				61BBD0031AA755BA001D2624 /* Debug */,
				61BBD0041AA755BA001D2624 /* Release */,
			);
			defaultConfigurationIsVisible = 0;
			defaultConfigurationName = Release;
		};
/* End XCConfigurationList section */
	};
	rootObject = 61BBCFD81AA755BA001D2624 /* Project object */;
}
